
Microsoft Visual Studio Solution File, Format Version 12.00
# Visual Studio Version 17
VisualStudioVersion = 17.4.33213.308
MinimumVisualStudioVersion = 10.0.40219.1
Project("{9A19103F-16F7-4668-BE54-9A1E7A4F7556}") = "LYA", "SpaceRaft\LYA.csproj", "{548C6B3E-1C32-4B5C-A2E5-CD4A47134A0E}"
EndProject
Project("{9A19103F-16F7-4668-BE54-9A1E7A4F7556}") = "Server", "Server\Server.csproj", "{90560B71-244D-4C86-A1AF-967BA66C7B21}"
EndProject
Project("{FAE04EC0-301F-11D3-BF4B-00C04F79EFBC}") = "Client", "Client\Client.csproj", "{5097D143-9268-41CD-B2D3-417529070141}"
EndProject
Global
	GlobalSection(SolutionConfigurationPlatforms) = preSolution
		Debug|Any CPU = Debug|Any CPU
		Release|Any CPU = Release|Any CPU
	EndGlobalSection
	GlobalSection(ProjectConfigurationPlatforms) = postSolution
		{548C6B3E-1C32-4B5C-A2E5-CD4A47134A0E}.Debug|Any CPU.ActiveCfg = Debug|Any CPU
		{548C6B3E-1C32-4B5C-A2E5-CD4A47134A0E}.Debug|Any CPU.Build.0 = Debug|Any CPU
		{548C6B3E-1C32-4B5C-A2E5-CD4A47134A0E}.Release|Any CPU.ActiveCfg = Release|Any CPU
		{548C6B3E-1C32-4B5C-A2E5-CD4A47134A0E}.Release|Any CPU.Build.0 = Release|Any CPU
		{90560B71-244D-4C86-A1AF-967BA66C7B21}.Debug|Any CPU.ActiveCfg = Debug|Any CPU
		{90560B71-244D-4C86-A1AF-967BA66C7B21}.Debug|Any CPU.Build.0 = Debug|Any CPU
		{90560B71-244D-4C86-A1AF-967BA66C7B21}.Release|Any CPU.ActiveCfg = Release|Any CPU
		{90560B71-244D-4C86-A1AF-967BA66C7B21}.Release|Any CPU.Build.0 = Release|Any CPU
		{5097D143-9268-41CD-B2D3-417529070141}.Debug|Any CPU.ActiveCfg = Debug|Any CPU
		{5097D143-9268-41CD-B2D3-417529070141}.Debug|Any CPU.Build.0 = Debug|Any CPU
		{5097D143-9268-41CD-B2D3-417529070141}.Release|Any CPU.ActiveCfg = Release|Any CPU
		{5097D143-9268-41CD-B2D3-417529070141}.Release|Any CPU.Build.0 = Release|Any CPU
	EndGlobalSection
	GlobalSection(SolutionProperties) = preSolution
		HideSolutionNode = FALSE
	EndGlobalSection
	GlobalSection(ExtensibilityGlobals) = postSolution
		SolutionGuid = {56149367-55BD-47B6-9514-86C7E8BF78BF}
	EndGlobalSection
EndGlobal
